
Microsoft Visual Studio Solution File, Format Version 12.00
# Visual Studio Version 16
VisualStudioVersion = 16.0.30907.101
MinimumVisualStudioVersion = 10.0.40219.1
Project("{FAE04EC0-301F-11D3-BF4B-00C04F79EFBC}") = "University", "University\University.csproj", "{DD72BA40-5EA8-4701-9749-A0E424E236F2}"
EndProject
Global
	GlobalSection(SolutionConfigurationPlatforms) = preSolution
		Debug|Any CPU = Debug|Any CPU
		Release|Any CPU = Release|Any CPU
	EndGlobalSection
	GlobalSection(ProjectConfigurationPlatforms) = postSolution
		{DD72BA40-5EA8-4701-9749-A0E424E236F2}.Debug|Any CPU.ActiveCfg = Debug|Any CPU
		{DD72BA40-5EA8-4701-9749-A0E424E236F2}.Debug|Any CPU.Build.0 = Debug|Any CPU
		{DD72BA40-5EA8-4701-9749-A0E424E236F2}.Release|Any CPU.ActiveCfg = Release|Any CPU
		{DD72BA40-5EA8-4701-9749-A0E424E236F2}.Release|Any CPU.Build.0 = Release|Any CPU
	EndGlobalSection
	GlobalSection(SolutionProperties) = preSolution
		HideSolutionNode = FALSE
	EndGlobalSection
	GlobalSection(ExtensibilityGlobals) = postSolution
		SolutionGuid = {4B85E0CE-8380-470A-BEA2-E10A19174188}
	EndGlobalSection
EndGlobal
